// !$*UTF8*$!
{
	archiveVersion = 1;
	classes = {
	};
	objectVersion = 48;
	objects = {

/* Begin PBXBuildFile section */
		66100DAB20B3B28000439FB3 /* AppDelegate.swift in Sources */ = {isa = PBXBuildFile; fileRef = 66100DAA20B3B28000439FB3 /* AppDelegate.swift */; };
		66100DAD20B3B28000439FB3 /* ViewController.swift in Sources */ = {isa = PBXBuildFile; fileRef = 66100DAC20B3B28000439FB3 /* ViewController.swift */; };
		66100DB020B3B28000439FB3 /* Main.storyboard in Resources */ = {isa = PBXBuildFile; fileRef = 66100DAE20B3B28000439FB3 /* Main.storyboard */; };
		66100DB220B3B28100439FB3 /* Assets.xcassets in Resources */ = {isa = PBXBuildFile; fileRef = 66100DB120B3B28100439FB3 /* Assets.xcassets */; };
		66100DB520B3B28100439FB3 /* LaunchScreen.storyboard in Resources */ = {isa = PBXBuildFile; fileRef = 66100DB320B3B28100439FB3 /* LaunchScreen.storyboard */; };
		66889D0120BBB4650029868C /* CowViewController.swift in Sources */ = {isa = PBXBuildFile; fileRef = 66889D0020BBB4650029868C /* CowViewController.swift */; };
		66889D0920BBC4C80029868C /* SheepViewController.swift in Sources */ = {isa = PBXBuildFile; fileRef = 66889D0820BBC4C80029868C /* SheepViewController.swift */; };
		66889D0B20BBC4D10029868C /* PigViewController.swift in Sources */ = {isa = PBXBuildFile; fileRef = 66889D0A20BBC4D10029868C /* PigViewController.swift */; };
		66889D0D20BBC4D90029868C /* DuckViewController.swift in Sources */ = {isa = PBXBuildFile; fileRef = 66889D0C20BBC4D90029868C /* DuckViewController.swift */; };
		66889D0F20BBC4E70029868C /* HorseViewController.swift in Sources */ = {isa = PBXBuildFile; fileRef = 66889D0E20BBC4E70029868C /* HorseViewController.swift */; };
		66889D1120BBC4F20029868C /* ChickenViewController.swift in Sources */ = {isa = PBXBuildFile; fileRef = 66889D1020BBC4F20029868C /* ChickenViewController.swift */; };
/* End PBXBuildFile section */

/* Begin PBXFileReference section */
		66100DA720B3B28000439FB3 /* Project3_LearningGame.app */ = {isa = PBXFileReference; explicitFileType = wrapper.application; includeInIndex = 0; path = Project3_LearningGame.app; sourceTree = BUILT_PRODUCTS_DIR; };
		66100DAA20B3B28000439FB3 /* AppDelegate.swift */ = {isa = PBXFileReference; lastKnownFileType = sourcecode.swift; path = AppDelegate.swift; sourceTree = "<group>"; };
		66100DAC20B3B28000439FB3 /* ViewController.swift */ = {isa = PBXFileReference; lastKnownFileType = sourcecode.swift; path = ViewController.swift; sourceTree = "<group>"; };
		66100DAF20B3B28000439FB3 /* Base */ = {isa = PBXFileReference; lastKnownFileType = file.storyboard; name = Base; path = Base.lproj/Main.storyboard; sourceTree = "<group>"; };
		66100DB120B3B28100439FB3 /* Assets.xcassets */ = {isa = PBXFileReference; lastKnownFileType = folder.assetcatalog; path = Assets.xcassets; sourceTree = "<group>"; };
		66100DB420B3B28100439FB3 /* Base */ = {isa = PBXFileReference; lastKnownFileType = file.storyboard; name = Base; path = Base.lproj/LaunchScreen.storyboard; sourceTree = "<group>"; };
		66100DB620B3B28100439FB3 /* Info.plist */ = {isa = PBXFileReference; lastKnownFileType = text.plist.xml; path = Info.plist; sourceTree = "<group>"; };
		66889D0020BBB4650029868C /* CowViewController.swift */ = {isa = PBXFileReference; lastKnownFileType = sourcecode.swift; path = CowViewController.swift; sourceTree = "<group>"; };
		66889D0820BBC4C80029868C /* SheepViewController.swift */ = {isa = PBXFileReference; lastKnownFileType = sourcecode.swift; path = SheepViewController.swift; sourceTree = "<group>"; };
		66889D0A20BBC4D10029868C /* PigViewController.swift */ = {isa = PBXFileReference; lastKnownFileType = sourcecode.swift; path = PigViewController.swift; sourceTree = "<group>"; };
		66889D0C20BBC4D90029868C /* DuckViewController.swift */ = {isa = PBXFileReference; lastKnownFileType = sourcecode.swift; path = DuckViewController.swift; sourceTree = "<group>"; };
		66889D0E20BBC4E70029868C /* HorseViewController.swift */ = {isa = PBXFileReference; lastKnownFileType = sourcecode.swift; path = HorseViewController.swift; sourceTree = "<group>"; };
		66889D1020BBC4F20029868C /* ChickenViewController.swift */ = {isa = PBXFileReference; lastKnownFileType = sourcecode.swift; path = ChickenViewController.swift; sourceTree = "<group>"; };
/* End PBXFileReference section */

/* Begin PBXFrameworksBuildPhase section */
		66100DA420B3B28000439FB3 /* Frameworks */ = {
			isa = PBXFrameworksBuildPhase;
			buildActionMask = 2147483647;
			files = (
			);
			runOnlyForDeploymentPostprocessing = 0;
		};
/* End PBXFrameworksBuildPhase section */

/* Begin PBXGroup section */
		66100D9E20B3B28000439FB3 = {
			isa = PBXGroup;
			children = (
				66100DA920B3B28000439FB3 /* Project3_LearningGame */,
				66100DA820B3B28000439FB3 /* Products */,
			);
			sourceTree = "<group>";
		};
		66100DA820B3B28000439FB3 /* Products */ = {
			isa = PBXGroup;
			children = (
				66100DA720B3B28000439FB3 /* Project3_LearningGame.app */,
			);
			name = Products;
			sourceTree = "<group>";
		};
		66100DA920B3B28000439FB3 /* Project3_LearningGame */ = {
			isa = PBXGroup;
			children = (
				66889D1220BBC4F80029868C /* Controllers */,
				66100DAA20B3B28000439FB3 /* AppDelegate.swift */,
				66100DAE20B3B28000439FB3 /* Main.storyboard */,
				66100DB120B3B28100439FB3 /* Assets.xcassets */,
				66100DB320B3B28100439FB3 /* LaunchScreen.storyboard */,
				66100DB620B3B28100439FB3 /* Info.plist */,
			);
			path = Project3_LearningGame;
			sourceTree = "<group>";
		};
		66889D1220BBC4F80029868C /* Controllers */ = {
			isa = PBXGroup;
			children = (
				66889D1020BBC4F20029868C /* ChickenViewController.swift */,
				66100DAC20B3B28000439FB3 /* ViewController.swift */,
				66889D0020BBB4650029868C /* CowViewController.swift */,
				66889D0820BBC4C80029868C /* SheepViewController.swift */,
				66889D0A20BBC4D10029868C /* PigViewController.swift */,
				66889D0C20BBC4D90029868C /* DuckViewController.swift */,
				66889D0E20BBC4E70029868C /* HorseViewController.swift */,
			);
			path = Controllers;
			sourceTree = "<group>";
		};
/* End PBXGroup section */

/* Begin PBXNativeTarget section */
		66100DA620B3B28000439FB3 /* Project3_LearningGame */ = {
			isa = PBXNativeTarget;
			buildConfigurationList = 66100DB920B3B28100439FB3 /* Build configuration list for PBXNativeTarget "Project3_LearningGame" */;
			buildPhases = (
				66100DA320B3B28000439FB3 /* Sources */,
				66100DA420B3B28000439FB3 /* Frameworks */,
				66100DA520B3B28000439FB3 /* Resources */,
			);
			buildRules = (
			);
			dependencies = (
			);
			name = Project3_LearningGame;
			productName = Project3_LearningGame;
			productReference = 66100DA720B3B28000439FB3 /* Project3_LearningGame.app */;
			productType = "com.apple.product-type.application";
		};
/* End PBXNativeTarget section */

/* Begin PBXProject section */
		66100D9F20B3B28000439FB3 /* Project object */ = {
			isa = PBXProject;
			attributes = {
				LastSwiftUpdateCheck = 0930;
				LastUpgradeCheck = 0930;
				ORGANIZATIONNAME = "Adam Zeaiter";
				TargetAttributes = {
					66100DA620B3B28000439FB3 = {
						CreatedOnToolsVersion = 9.3;
						ProvisioningStyle = Automatic;
					};
				};
			};
			buildConfigurationList = 66100DA220B3B28000439FB3 /* Build configuration list for PBXProject "Project3_LearningGame" */;
			compatibilityVersion = "Xcode 8.0";
			developmentRegion = en;
			hasScannedForEncodings = 0;
			knownRegions = (
				en,
				Base,
			);
			mainGroup = 66100D9E20B3B28000439FB3;
			productRefGroup = 66100DA820B3B28000439FB3 /* Products */;
			projectDirPath = "";
			projectRoot = "";
			targets = (
				66100DA620B3B28000439FB3 /* Project3_LearningGame */,
			);
		};
/* End PBXProject section */

/* Begin PBXResourcesBuildPhase section */
		66100DA520B3B28000439FB3 /* Resources */ = {
			isa = PBXResourcesBuildPhase;
			buildActionMask = 2147483647;
			files = (
				66100DB520B3B28100439FB3 /* LaunchScreen.storyboard in Resources */,
				66100DB220B3B28100439FB3 /* Assets.xcassets in Resources */,
				66100DB020B3B28000439FB3 /* Main.storyboard in Resources */,
			);
			runOnlyForDeploymentPostprocessing = 0;
		};
/* End PBXResourcesBuildPhase section */

/* Begin PBXSourcesBuildPhase section */
		66100DA320B3B28000439FB3 /* Sources */ = {
			isa = PBXSourcesBuildPhase;
			buildActionMask = 2147483647;
			files = (
				66889D0920BBC4C80029868C /* SheepViewController.swift in Sources */,
				66889D0B20BBC4D10029868C /* PigViewController.swift in Sources */,
				66889D1120BBC4F20029868C /* ChickenViewController.swift in Sources */,
				66889D0F20BBC4E70029868C /* HorseViewController.swift in Sources */,
				66100DAD20B3B28000439FB3 /* ViewController.swift in Sources */,
				66100DAB20B3B28000439FB3 /* AppDelegate.swift in Sources */,
				66889D0120BBB4650029868C /* CowViewController.swift in Sources */,
				66889D0D20BBC4D90029868C /* DuckViewController.swift in Sources */,
			);
			runOnlyForDeploymentPostprocessing = 0;
		};
/* End PBXSourcesBuildPhase section */

/* Begin PBXVariantGroup section */
		66100DAE20B3B28000439FB3 /* Main.storyboard */ = {
			isa = PBXVariantGroup;
			children = (
				66100DAF20B3B28000439FB3 /* Base */,
			);
			name = Main.storyboard;
			sourceTree = "<group>";
		};
		66100DB320B3B28100439FB3 /* LaunchScreen.storyboard */ = {
			isa = PBXVariantGroup;
			children = (
				66100DB420B3B28100439FB3 /* Base */,
			);
			name = LaunchScreen.storyboard;
			sourceTree = "<group>";
		};
/* End PBXVariantGroup section */

/* Begin XCBuildConfiguration section */
		66100DB720B3B28100439FB3 /* Debug */ = {
			isa = XCBuildConfiguration;
			buildSettings = {
				ALWAYS_SEARCH_USER_PATHS = NO;
				CLANG_ANALYZER_NONNULL = YES;
				CLANG_ANALYZER_NUMBER_OBJECT_CONVERSION = YES_AGGRESSIVE;
				CLANG_CXX_LANGUAGE_STANDARD = "gnu++14";
				CLANG_CXX_LIBRARY = "libc++";
				CLANG_ENABLE_MODULES = YES;
				CLANG_ENABLE_OBJC_ARC = YES;
				CLANG_ENABLE_OBJC_WEAK = YES;
				CLANG_WARN_BLOCK_CAPTURE_AUTORELEASING = YES;
				CLANG_WARN_BOOL_CONVERSION = YES;
				CLANG_WARN_COMMA = YES;
				CLANG_WARN_CONSTANT_CONVERSION = YES;
				CLANG_WARN_DEPRECATED_OBJC_IMPLEMENTATIONS = YES;
				CLANG_WARN_DIRECT_OBJC_ISA_USAGE = YES_ERROR;
				CLANG_WARN_DOCUMENTATION_COMMENTS = YES;
				CLANG_WARN_EMPTY_BODY = YES;
				CLANG_WARN_ENUM_CONVERSION = YES;
				CLANG_WARN_INFINITE_RECURSION = YES;
				CLANG_WARN_INT_CONVERSION = YES;
				CLANG_WARN_NON_LITERAL_NULL_CONVERSION = YES;
				CLANG_WARN_OBJC_IMPLICIT_RETAIN_SELF = YES;
				CLANG_WARN_OBJC_LITERAL_CONVERSION = YES;
				CLANG_WARN_OBJC_ROOT_CLASS = YES_ERROR;
				CLANG_WARN_RANGE_LOOP_ANALYSIS = YES;
				CLANG_WARN_STRICT_PROTOTYPES = YES;
				CLANG_WARN_SUSPICIOUS_MOVE = YES;
				CLANG_WARN_UNGUARDED_AVAILABILITY = YES_AGGRESSIVE;
				CLANG_WARN_UNREACHABLE_CODE = YES;
				CLANG_WARN__DUPLICATE_METHOD_MATCH = YES;
				CODE_SIGN_IDENTITY = "iPhone Developer";
				COPY_PHASE_STRIP = NO;
				DEBUG_INFORMATION_FORMAT = dwarf;
				ENABLE_STRICT_OBJC_MSGSEND = YES;
				ENABLE_TESTABILITY = YES;
				GCC_C_LANGUAGE_STANDARD = gnu11;
				GCC_DYNAMIC_NO_PIC = NO;
				GCC_NO_COMMON_BLOCKS = YES;
				GCC_OPTIMIZATION_LEVEL = 0;
				GCC_PREPROCESSOR_DEFINITIONS = (
					"DEBUG=1",
					"$(inherited)",
				);
				GCC_WARN_64_TO_32_BIT_CONVERSION = YES;
				GCC_WARN_ABOUT_RETURN_TYPE = YES_ERROR;
				GCC_WARN_UNDECLARED_SELECTOR = YES;
				GCC_WARN_UNINITIALIZED_AUTOS = YES_AGGRESSIVE;
				GCC_WARN_UNUSED_FUNCTION = YES;
				GCC_WARN_UNUSED_VARIABLE = YES;
				IPHONEOS_DEPLOYMENT_TARGET = 11.3;
				MTL_ENABLE_DEBUG_INFO = YES;
				ONLY_ACTIVE_ARCH = YES;
				SDKROOT = iphoneos;
				SWIFT_ACTIVE_COMPILATION_CONDITIONS = DEBUG;
				SWIFT_OPTIMIZATION_LEVEL = "-Onone";
			};
			name = Debug;
		};
		66100DB820B3B28100439FB3 /* Release */ = {
			isa = XCBuildConfiguration;
			buildSettings = {
				ALWAYS_SEARCH_USER_PATHS = NO;
				CLANG_ANALYZER_NONNULL = YES;
				CLANG_ANALYZER_NUMBER_OBJECT_CONVERSION = YES_AGGRESSIVE;
				CLANG_CXX_LANGUAGE_STANDARD = "gnu++14";
				CLANG_CXX_LIBRARY = "libc++";
				CLANG_ENABLE_MODULES = YES;
				CLANG_ENABLE_OBJC_ARC = YES;
				CLANG_ENABLE_OBJC_WEAK = YES;
				CLANG_WARN_BLOCK_CAPTURE_AUTORELEASING = YES;
				CLANG_WARN_BOOL_CONVERSION = YES;
				CLANG_WARN_COMMA = YES;
				CLANG_WARN_CONSTANT_CONVERSION = YES;
				CLANG_WARN_DEPRECATED_OBJC_IMPLEMENTATIONS = YES;
				CLANG_WARN_DIRECT_OBJC_ISA_USAGE = YES_ERROR;
				CLANG_WARN_DOCUMENTATION_COMMENTS = YES;
				CLANG_WARN_EMPTY_BODY = YES;
				CLANG_WARN_ENUM_CONVERSION = YES;
				CLANG_WARN_INFINITE_RECURSION = YES;
				CLANG_WARN_INT_CONVERSION = YES;
				CLANG_WARN_NON_LITERAL_NULL_CONVERSION = YES;
				CLANG_WARN_OBJC_IMPLICIT_RETAIN_SELF = YES;
				CLANG_WARN_OBJC_LITERAL_CONVERSION = YES;
				CLANG_WARN_OBJC_ROOT_CLASS = YES_ERROR;
				CLANG_WARN_RANGE_LOOP_ANALYSIS = YES;
				CLANG_WARN_STRICT_PROTOTYPES = YES;
				CLANG_WARN_SUSPICIOUS_MOVE = YES;
				CLANG_WARN_UNGUARDED_AVAILABILITY = YES_AGGRESSIVE;
				CLANG_WARN_UNREACHABLE_CODE = YES;
				CLANG_WARN__DUPLICATE_METHOD_MATCH = YES;
				CODE_SIGN_IDENTITY = "iPhone Developer";
				COPY_PHASE_STRIP = NO;
				DEBUG_INFORMATION_FORMAT = "dwarf-with-dsym";
				ENABLE_NS_ASSERTIONS = NO;
				ENABLE_STRICT_OBJC_MSGSEND = YES;
				GCC_C_LANGUAGE_STANDARD = gnu11;
				GCC_NO_COMMON_BLOCKS = YES;
				GCC_WARN_64_TO_32_BIT_CONVERSION = YES;
				GCC_WARN_ABOUT_RETURN_TYPE = YES_ERROR;
				GCC_WARN_UNDECLARED_SELECTOR = YES;
				GCC_WARN_UNINITIALIZED_AUTOS = YES_AGGRESSIVE;
				GCC_WARN_UNUSED_FUNCTION = YES;
				GCC_WARN_UNUSED_VARIABLE = YES;
				IPHONEOS_DEPLOYMENT_TARGET = 11.3;
				MTL_ENABLE_DEBUG_INFO = NO;
				SDKROOT = iphoneos;
				SWIFT_OPTIMIZATION_LEVEL = "-Owholemodule";
				VALIDATE_PRODUCT = YES;
			};
			name = Release;
		};
		66100DBA20B3B28100439FB3 /* Debug */ = {
			isa = XCBuildConfiguration;
			buildSettings = {
				ASSETCATALOG_COMPILER_APPICON_NAME = AppIcon;
				CODE_SIGN_STYLE = Automatic;
				INFOPLIST_FILE = Project3_LearningGame/Info.plist;
				LD_RUNPATH_SEARCH_PATHS = "$(inherited) @executable_path/Frameworks";
				PRODUCT_BUNDLE_IDENTIFIER = "com.example.Project3-LearningGame";
				PRODUCT_NAME = "$(TARGET_NAME)";
				SWIFT_VERSION = 4.0;
				TARGETED_DEVICE_FAMILY = "1,2";
			};
			name = Debug;
		};
		66100DBB20B3B28100439FB3 /* Release */ = {
			isa = XCBuildConfiguration;
			buildSettings = {
				ASSETCATALOG_COMPILER_APPICON_NAME = AppIcon;
				CODE_SIGN_STYLE = Automatic;
				INFOPLIST_FILE = Project3_LearningGame/Info.plist;
				LD_RUNPATH_SEARCH_PATHS = "$(inherited) @executable_path/Frameworks";
				PRODUCT_BUNDLE_IDENTIFIER = "com.example.Project3-LearningGame";
				PRODUCT_NAME = "$(TARGET_NAME)";
				SWIFT_VERSION = 4.0;
				TARGETED_DEVICE_FAMILY = "1,2";
			};
			name = Release;
		};
/* End XCBuildConfiguration section */

/* Begin XCConfigurationList section */
		66100DA220B3B28000439FB3 /* Build configuration list for PBXProject "Project3_LearningGame" */ = {
			isa = XCConfigurationList;
			buildConfigurations = (
				66100DB720B3B28100439FB3 /* Debug */,
				66100DB820B3B28100439FB3 /* Release */,
			);
			defaultConfigurationIsVisible = 0;
			defaultConfigurationName = Release;
		};
		66100DB920B3B28100439FB3 /* Build configuration list for PBXNativeTarget "Project3_LearningGame" */ = {
			isa = XCConfigurationList;
			buildConfigurations = (
				66100DBA20B3B28100439FB3 /* Debug */,
				66100DBB20B3B28100439FB3 /* Release */,
			);
			defaultConfigurationIsVisible = 0;
			defaultConfigurationName = Release;
		};
/* End XCConfigurationList section */
	};
	rootObject = 66100D9F20B3B28000439FB3 /* Project object */;
}
